
Microsoft Visual Studio Solution File, Format Version 12.00
# Visual Studio Version 16
VisualStudioVersion = 16.0.31702.278
MinimumVisualStudioVersion = 10.0.40219.1
Project("{9A19103F-16F7-4668-BE54-9A1E7A4F7556}") = "SellingSunsets", "SellingSunsets\SellingSunsets.csproj", "{F3542178-7B12-40FF-835C-0EFEB91A4B0A}"
EndProject
Global
	GlobalSection(SolutionConfigurationPlatforms) = preSolution
		Debug|Any CPU = Debug|Any CPU
		Release|Any CPU = Release|Any CPU
	EndGlobalSection
	GlobalSection(ProjectConfigurationPlatforms) = postSolution
		{F3542178-7B12-40FF-835C-0EFEB91A4B0A}.Debug|Any CPU.ActiveCfg = Debug|Any CPU
		{F3542178-7B12-40FF-835C-0EFEB91A4B0A}.Debug|Any CPU.Build.0 = Debug|Any CPU
		{F3542178-7B12-40FF-835C-0EFEB91A4B0A}.Release|Any CPU.ActiveCfg = Release|Any CPU
		{F3542178-7B12-40FF-835C-0EFEB91A4B0A}.Release|Any CPU.Build.0 = Release|Any CPU
	EndGlobalSection
	GlobalSection(SolutionProperties) = preSolution
		HideSolutionNode = FALSE
	EndGlobalSection
	GlobalSection(ExtensibilityGlobals) = postSolution
		SolutionGuid = {FDAB7E46-6F55-4F95-973C-E00595EFD3CC}
	EndGlobalSection
EndGlobal
